# THIS IS AN AUTOGENERATED FILE. DO NOT EDIT THIS FILE DIRECTLY.
# yarn lockfile v1


dinero.js@1.8.1:
  version "1.8.1"
  resolved "https://registry.yarnpkg.com/dinero.js/-/dinero.js-1.8.1.tgz#775a647629b4195af9d02f46e9b7fa1fd81e906d"
  integrity sha512-AQ09MDKonkGUrhBZZFx4tPTVcVJuHJ0VEA73LvcBoBB2eQSi1DbapeXj4wnUUpx1hVnPdyev1xPNnNMGy/Au0g==

rescript@9.1.2:
  version "9.1.2"
  resolved "https://registry.yarnpkg.com/rescript/-/rescript-9.1.2.tgz#a81f8a735f1a7006233bfc72eb081ca7182a0d79"
  integrity sha512-4wHvTDv3nyYnAPJHcg1RGG8z7u3HDiBf6RN3P/dITDv859Qo35aKOzJWQtfBzbAs0EKNafLqei3TnUqiAv6BwQ==
