# THIS IS AN AUTOGENERATED FILE. DO NOT EDIT THIS FILE DIRECTLY.
# yarn lockfile v1


dinero.js@1.8.1:
  version "1.8.1"
  resolved "https://registry.yarnpkg.com/dinero.js/-/dinero.js-1.8.1.tgz#775a647629b4195af9d02f46e9b7fa1fd81e906d"
  integrity sha512-AQ09MDKonkGUrhBZZFx4tPTVcVJuHJ0VEA73LvcBoBB2eQSi1DbapeXj4wnUUpx1hVnPdyev1xPNnNMGy/Au0g==

rescript@9.1.4:
  version "9.1.4"
  resolved "https://registry.yarnpkg.com/rescript/-/rescript-9.1.4.tgz#1eb126f98d6c16942c0bf0df67c050198e580515"
  integrity sha512-aXANK4IqecJzdnDpJUsU6pxMViCR5ogAxzuqS0mOr8TloMnzAjJFu63fjD6LCkWrKAhlMkFFzQvVQYaAaVkFXw==
